
Microsoft Visual Studio Solution File, Format Version 12.00
# Visual Studio Version 16
VisualStudioVersion = 16.0.32901.82
MinimumVisualStudioVersion = 10.0.40219.1
Project("{FAE04EC0-301F-11D3-BF4B-00C04F79EFBC}") = "DelegateTraining", "DelegateTraining\DelegateTraining.csproj", "{8F0607D0-FDD7-4928-8DD7-7B66CCF4D377}"
EndProject
Global
	GlobalSection(SolutionConfigurationPlatforms) = preSolution
		Debug|Any CPU = Debug|Any CPU
		Release|Any CPU = Release|Any CPU
	EndGlobalSection
	GlobalSection(ProjectConfigurationPlatforms) = postSolution
		{8F0607D0-FDD7-4928-8DD7-7B66CCF4D377}.Debug|Any CPU.ActiveCfg = Debug|Any CPU
		{8F0607D0-FDD7-4928-8DD7-7B66CCF4D377}.Debug|Any CPU.Build.0 = Debug|Any CPU
		{8F0607D0-FDD7-4928-8DD7-7B66CCF4D377}.Release|Any CPU.ActiveCfg = Release|Any CPU
		{8F0607D0-FDD7-4928-8DD7-7B66CCF4D377}.Release|Any CPU.Build.0 = Release|Any CPU
	EndGlobalSection
	GlobalSection(SolutionProperties) = preSolution
		HideSolutionNode = FALSE
	EndGlobalSection
	GlobalSection(ExtensibilityGlobals) = postSolution
		SolutionGuid = {BD01CA90-4D3F-48A4-8D7F-E830E064684B}
	EndGlobalSection
EndGlobal
